<?xml version="1.0" encoding="UTF-8" standalone="yes" ?>
<CodeBlocks_project_file>
	<FileVersion major="1" minor="6" />
	<Project>
		<Option title="Mqtt" />
		<Option pch_mode="2" />
		<Option compiler="gcc" />
		<Build>
			<Target title="Debug">
				<Option output="bin/Debug/Mqtt" prefix_auto="1" extension_auto="1" />
				<Option object_output="obj/Debug/" />
				<Option type="1" />
				<Option compiler="gcc" />
				<Compiler>
					<Add option="-g" />
					<Add directory="../../Common/inc" />
				</Compiler>
			</Target>
			<Target title="Release">
				<Option output="bin/Release/Mqtt" prefix_auto="1" extension_auto="1" />
				<Option object_output="obj/Release/" />
				<Option type="1" />
				<Option compiler="gcc" />
				<Compiler>
					<Add option="-O2" />
				</Compiler>
				<Linker>
					<Add option="-s" />
				</Linker>
			</Target>
		</Build>
		<Compiler>
			<Add option="-Wall" />
			<Add option="-fexceptions" />
			<Add directory="/home/lieven/micro/Debian_Mqtt/Mqtt/" />
		</Compiler>
		<Linker>
			<Add library="rt" />
		</Linker>
		<Unit filename="../../Common/src/Bytes.cpp" />
		<Unit filename="../../Common/src/CircBuf.cpp" />
		<Unit filename="../../Common/src/Event.cpp" />
		<Unit filename="../../Common/src/MqttIn.cpp" />
		<Unit filename="../../Common/src/MqttOut.cpp" />
		<Unit filename="../../Common/src/Node.cpp" />
		<Unit filename="../../Common/src/Property.cpp" />
		<Unit filename="../../Common/src/Str.cpp" />
		<Unit filename="../../Common/src/Strpack.cpp" />
		<Unit filename="Queue.cpp" />
		<Unit filename="QueueWrapper.h" />
		<Unit filename="Sys.cpp" />
		<Unit filename="main.cpp" />
		<Unit filename="../../Queue.h" />
		<Extensions>
			<code_completion />
			<debugger />
		</Extensions>
	</Project>
</CodeBlocks_project_file>
