<?xml version="1.0" encoding="UTF-8" standalone="yes" ?>
<CodeBlocks_project_file>
	<FileVersion major="1" minor="6" />
	<Project>
		<Option title="usb" />
		<Option pch_mode="2" />
		<Option compiler="gcc" />
		<Build>
			<Target title="Debug">
				<Option output="bin/Debug/usb" prefix_auto="1" extension_auto="1" />
				<Option object_output="obj/Debug/" />
				<Option type="1" />
				<Option compiler="gcc" />
				<Option parameters="-d /dev/ttyACM0 -b 115200 -h localhost" />
				<Compiler>
					<Add option="-g" />
					<Add directory="../Common/inc" />
					<Add directory="../Linux/inc" />
					<Add directory="/home/lieven/projects/usb/" />
				</Compiler>
				<Linker>
					<Add library="libc.a" />
					<Add library="pthread" />
				</Linker>
			</Target>
			<Target title="Release">
				<Option output="bin/Release/usb" prefix_auto="1" extension_auto="1" />
				<Option object_output="obj/Release/" />
				<Option type="1" />
				<Option compiler="gcc" />
				<Compiler>
					<Add option="-O2" />
				</Compiler>
				<Linker>
					<Add option="-s" />
				</Linker>
			</Target>
		</Build>
		<Compiler>
			<Add option="-Wall" />
			<Add option="-g" />
			<Add option="-fexceptions" />
			<Add directory="../micro/Common/inc" />
		</Compiler>
		<Linker>
			<Add library="rt" />
		</Linker>
		<Unit filename="../Common/inc/Bits.cpp" />
		<Unit filename="../Common/inc/Bits.h" />
		<Unit filename="../Common/inc/Bytes.h" />
		<Unit filename="../Common/inc/CircBuf.h" />
		<Unit filename="../Common/inc/Erc.h" />
		<Unit filename="../Common/inc/Event.h" />
		<Unit filename="../Common/inc/EventSource.h" />
		<Unit filename="../Common/inc/Interface.h" />
		<Unit filename="../Common/inc/Led.h" />
		<Unit filename="../Common/inc/Link.h" />
		<Unit filename="../Common/inc/Logger.h" />
		<Unit filename="../Common/inc/Mqtt.h" />
		<Unit filename="../Common/inc/MqttConstants.h" />
		<Unit filename="../Common/inc/MqttIn.h" />
		<Unit filename="../Common/inc/MqttOut.h" />
		<Unit filename="../Common/inc/Msgpack.h" />
		<Unit filename="../Common/inc/Mutex.h" />
		<Unit filename="../Common/inc/Node.h" />
		<Unit filename="../Common/inc/Pool.h" />
		<Unit filename="../Common/inc/Property.h" />
		<Unit filename="../Common/inc/Queue.h" />
		<Unit filename="../Common/inc/QueueTemplate.h" />
		<Unit filename="../Common/inc/Sequence.h" />
		<Unit filename="../Common/inc/Str.h" />
		<Unit filename="../Common/inc/Stream.h" />
		<Unit filename="../Common/inc/Strpack.h" />
		<Unit filename="../Common/inc/Sys.h" />
		<Unit filename="../Common/inc/SysQueue.h" />
		<Unit filename="../Common/inc/Thread.h" />
		<Unit filename="../Common/inc/Timer.h" />
		<Unit filename="../Common/inc/lc-addrlabels.h" />
		<Unit filename="../Common/inc/lc-switch.h" />
		<Unit filename="../Common/inc/lc.h" />
		<Unit filename="../Common/inc/printf.h" />
		<Unit filename="../Common/inc/pt-sem.h" />
		<Unit filename="../Common/inc/pt.h" />
		<Unit filename="../Common/src/Bytes.cpp" />
		<Unit filename="../Common/src/Cbor.cpp" />
		<Unit filename="../Common/src/CircBuf.cpp" />
		<Unit filename="../Common/src/Event.cpp" />
		<Unit filename="../Common/src/EventSource.cpp" />
		<Unit filename="../Common/src/Link.cpp" />
		<Unit filename="../Common/src/Logger.cpp" />
		<Unit filename="../Common/src/MqttIn.cpp" />
		<Unit filename="../Common/src/MqttOut.cpp" />
		<Unit filename="../Common/src/Msgpack.cpp" />
		<Unit filename="../Common/src/Node.cpp" />
		<Unit filename="../Common/src/Pic32Stubs.h" />
		<Unit filename="../Common/src/Property.cpp" />
		<Unit filename="../Common/src/Sequence.cpp" />
		<Unit filename="../Common/src/Str.cpp" />
		<Unit filename="../Common/src/Strpack.cpp" />
		<Unit filename="../Common/src/SysQueue.cpp" />
		<Unit filename="../Common/src/Timer.cpp" />
		<Unit filename="../Common/src/printf.c">
			<Option compilerVar="CC" />
		</Unit>
		<Unit filename="../Linux/inc/Tcp.h" />
		<Unit filename="../Linux/src/Log.cpp" />
		<Unit filename="../Linux/src/Queue.cpp" />
		<Unit filename="../Linux/src/Sys.cpp" />
		<Unit filename="../Linux/src/Tcp.cpp" />
		<Unit filename="../Linux/src/Thread.cpp" />
		<Unit filename="../Linux/src/Usb.cpp" />
		<Unit filename="Board.h">
			<Option target="&lt;{~None~}&gt;" />
		</Unit>
		<Unit filename="main.cpp" />
		<Unit filename="main.h" />
		<Extensions>
			<code_completion>
				<search_path add="../Common/inc" />
			</code_completion>
			<debugger />
		</Extensions>
	</Project>
</CodeBlocks_project_file>
